
Microsoft Visual Studio Solution File, Format Version 12.00
# Visual Studio Version 17
VisualStudioVersion = 17.5.002.0
MinimumVisualStudioVersion = 10.0.40219.1
Project("{2150E333-8FDC-42A3-9474-1A3956D46DE8}") = "csharp", "csharp", "{F20E1073-9C48-46EC-AB94-835259B0489C}"
EndProject
Project("{9A19103F-16F7-4668-BE54-9A1E7A4F7556}") = "aliyun-net-credentials-api", "csharp\aliyun-net-credentials-api\aliyun-net-credentials-api.csproj", "{77DC4E7F-12BE-47BD-BBF8-B7EAAA546ED5}"
EndProject
Global
	GlobalSection(SolutionConfigurationPlatforms) = preSolution
		Debug|Any CPU = Debug|Any CPU
		Release|Any CPU = Release|Any CPU
	EndGlobalSection
	GlobalSection(ProjectConfigurationPlatforms) = postSolution
		{77DC4E7F-12BE-47BD-BBF8-B7EAAA546ED5}.Debug|Any CPU.ActiveCfg = Debug|Any CPU
		{77DC4E7F-12BE-47BD-BBF8-B7EAAA546ED5}.Debug|Any CPU.Build.0 = Debug|Any CPU
		{77DC4E7F-12BE-47BD-BBF8-B7EAAA546ED5}.Release|Any CPU.ActiveCfg = Release|Any CPU
		{77DC4E7F-12BE-47BD-BBF8-B7EAAA546ED5}.Release|Any CPU.Build.0 = Release|Any CPU
	EndGlobalSection
	GlobalSection(SolutionProperties) = preSolution
		HideSolutionNode = FALSE
	EndGlobalSection
	GlobalSection(NestedProjects) = preSolution
		{77DC4E7F-12BE-47BD-BBF8-B7EAAA546ED5} = {F20E1073-9C48-46EC-AB94-835259B0489C}
	EndGlobalSection
	GlobalSection(ExtensibilityGlobals) = postSolution
		SolutionGuid = {7403D880-BFA1-4F68-B28C-6BC16173EF53}
	EndGlobalSection
EndGlobal
